<?xml version="1.0" encoding="utf-8"?>
<Project ToolsVersion="4.0" xmlns="http://schemas.microsoft.com/developer/msbuild/2003">
  <ItemGroup>
    <ClCompile Include="minhook\hde\hde32.c" />
    <ClCompile Include="minhook\hde\hde64.c" />
    <ClCompile Include="minhook\buffer.c" />
    <ClCompile Include="minhook\hook.c" />
    <ClCompile Include="minhook\trampoline.c" />
    <ClCompile Include="src\hooks.cpp" />
    <ClCompile Include="src\main.cpp" />
    <ClCompile Include="src\renderer.cpp" />
  </ItemGroup>
  <ItemGroup>
    <ClInclude Include="minhook\hde\hde32.h" />
    <ClInclude Include="minhook\hde\hde64.h" />
    <ClInclude Include="minhook\hde\pstdint.h" />
    <ClInclude Include="minhook\hde\table32.h" />
    <ClInclude Include="minhook\hde\table64.h" />
    <ClInclude Include="minhook\buffer.h" />
    <ClInclude Include="minhook\MinHook.h" />
    <ClInclude Include="minhook\trampoline.h" />
    <ClInclude Include="src\hooks.hpp" />
    <ClInclude Include="src\renderer.hpp" />
  </ItemGroup>
</Project>